// !$*UTF8*$!
{
	archiveVersion = 1;
	classes = {
	};
	objectVersion = 46;
	objects = {

/* Begin PBXBuildFile section */
		18B76D63D41C7CE707CC74D5 /* libPods-ZJMKitProject.a in Frameworks */ = {isa = PBXBuildFile; fileRef = 18C186ACB67459B15F4BF6DB /* libPods-ZJMKitProject.a */; };
		25B880911F5EDBF400D393A0 /* main.m in Sources */ = {isa = PBXBuildFile; fileRef = 25B880901F5EDBF400D393A0 /* main.m */; };
		25B880941F5EDBF400D393A0 /* AppDelegate.m in Sources */ = {isa = PBXBuildFile; fileRef = 25B880931F5EDBF400D393A0 /* AppDelegate.m */; };
		25B880971F5EDBF400D393A0 /* ViewController.m in Sources */ = {isa = PBXBuildFile; fileRef = 25B880961F5EDBF400D393A0 /* ViewController.m */; };
		25B8809A1F5EDBF400D393A0 /* Main.storyboard in Resources */ = {isa = PBXBuildFile; fileRef = 25B880981F5EDBF400D393A0 /* Main.storyboard */; };
		25B8809C1F5EDBF400D393A0 /* Assets.xcassets in Resources */ = {isa = PBXBuildFile; fileRef = 25B8809B1F5EDBF400D393A0 /* Assets.xcassets */; };
		25B8809F1F5EDBF400D393A0 /* LaunchScreen.storyboard in Resources */ = {isa = PBXBuildFile; fileRef = 25B8809D1F5EDBF400D393A0 /* LaunchScreen.storyboard */; };
		25B880AA1F5EDBF400D393A0 /* ZJMKitProjectTests.m in Sources */ = {isa = PBXBuildFile; fileRef = 25B880A91F5EDBF400D393A0 /* ZJMKitProjectTests.m */; };
		25B880B51F5EDBF400D393A0 /* ZJMKitProjectUITests.m in Sources */ = {isa = PBXBuildFile; fileRef = 25B880B41F5EDBF400D393A0 /* ZJMKitProjectUITests.m */; };
/* End PBXBuildFile section */

/* Begin PBXContainerItemProxy section */
		25B880A61F5EDBF400D393A0 /* PBXContainerItemProxy */ = {
			isa = PBXContainerItemProxy;
			containerPortal = 25B880841F5EDBF400D393A0 /* Project object */;
			proxyType = 1;
			remoteGlobalIDString = 25B8808B1F5EDBF400D393A0;
			remoteInfo = ZJMKitProject;
		};
		25B880B11F5EDBF400D393A0 /* PBXContainerItemProxy */ = {
			isa = PBXContainerItemProxy;
			containerPortal = 25B880841F5EDBF400D393A0 /* Project object */;
			proxyType = 1;
			remoteGlobalIDString = 25B8808B1F5EDBF400D393A0;
			remoteInfo = ZJMKitProject;
		};
/* End PBXContainerItemProxy section */

/* Begin PBXFileReference section */
		18C186ACB67459B15F4BF6DB /* libPods-ZJMKitProject.a */ = {isa = PBXFileReference; explicitFileType = archive.ar; includeInIndex = 0; path = "libPods-ZJMKitProject.a"; sourceTree = BUILT_PRODUCTS_DIR; };
		25B8808C1F5EDBF400D393A0 /* ZJMKitProject.app */ = {isa = PBXFileReference; explicitFileType = wrapper.application; includeInIndex = 0; path = ZJMKitProject.app; sourceTree = BUILT_PRODUCTS_DIR; };
		25B880901F5EDBF400D393A0 /* main.m */ = {isa = PBXFileReference; lastKnownFileType = sourcecode.c.objc; path = main.m; sourceTree = "<group>"; };
		25B880921F5EDBF400D393A0 /* AppDelegate.h */ = {isa = PBXFileReference; lastKnownFileType = sourcecode.c.h; path = AppDelegate.h; sourceTree = "<group>"; };
		25B880931F5EDBF400D393A0 /* AppDelegate.m */ = {isa = PBXFileReference; lastKnownFileType = sourcecode.c.objc; path = AppDelegate.m; sourceTree = "<group>"; };
		25B880951F5EDBF400D393A0 /* ViewController.h */ = {isa = PBXFileReference; lastKnownFileType = sourcecode.c.h; path = ViewController.h; sourceTree = "<group>"; };
		25B880961F5EDBF400D393A0 /* ViewController.m */ = {isa = PBXFileReference; lastKnownFileType = sourcecode.c.objc; path = ViewController.m; sourceTree = "<group>"; };
		25B880991F5EDBF400D393A0 /* Base */ = {isa = PBXFileReference; lastKnownFileType = file.storyboard; name = Base; path = Base.lproj/Main.storyboard; sourceTree = "<group>"; };
		25B8809B1F5EDBF400D393A0 /* Assets.xcassets */ = {isa = PBXFileReference; lastKnownFileType = folder.assetcatalog; path = Assets.xcassets; sourceTree = "<group>"; };
		25B8809E1F5EDBF400D393A0 /* Base */ = {isa = PBXFileReference; lastKnownFileType = file.storyboard; name = Base; path = Base.lproj/LaunchScreen.storyboard; sourceTree = "<group>"; };
		25B880A01F5EDBF400D393A0 /* Info.plist */ = {isa = PBXFileReference; lastKnownFileType = text.plist.xml; path = Info.plist; sourceTree = "<group>"; };
		25B880A51F5EDBF400D393A0 /* ZJMKitProjectTests.xctest */ = {isa = PBXFileReference; explicitFileType = wrapper.cfbundle; includeInIndex = 0; path = ZJMKitProjectTests.xctest; sourceTree = BUILT_PRODUCTS_DIR; };
		25B880A91F5EDBF400D393A0 /* ZJMKitProjectTests.m */ = {isa = PBXFileReference; lastKnownFileType = sourcecode.c.objc; path = ZJMKitProjectTests.m; sourceTree = "<group>"; };
		25B880AB1F5EDBF400D393A0 /* Info.plist */ = {isa = PBXFileReference; lastKnownFileType = text.plist.xml; path = Info.plist; sourceTree = "<group>"; };
		25B880B01F5EDBF400D393A0 /* ZJMKitProjectUITests.xctest */ = {isa = PBXFileReference; explicitFileType = wrapper.cfbundle; includeInIndex = 0; path = ZJMKitProjectUITests.xctest; sourceTree = BUILT_PRODUCTS_DIR; };
		25B880B41F5EDBF400D393A0 /* ZJMKitProjectUITests.m */ = {isa = PBXFileReference; lastKnownFileType = sourcecode.c.objc; path = ZJMKitProjectUITests.m; sourceTree = "<group>"; };
		25B880B61F5EDBF400D393A0 /* Info.plist */ = {isa = PBXFileReference; lastKnownFileType = text.plist.xml; path = Info.plist; sourceTree = "<group>"; };
		6478928509232D52F8A43F51 /* Pods-ZJMKitProject.debug.xcconfig */ = {isa = PBXFileReference; includeInIndex = 1; lastKnownFileType = text.xcconfig; name = "Pods-ZJMKitProject.debug.xcconfig"; path = "Pods/Target Support Files/Pods-ZJMKitProject/Pods-ZJMKitProject.debug.xcconfig"; sourceTree = "<group>"; };
		EBEB648EFC106393C5566173 /* Pods-ZJMKitProject.release.xcconfig */ = {isa = PBXFileReference; includeInIndex = 1; lastKnownFileType = text.xcconfig; name = "Pods-ZJMKitProject.release.xcconfig"; path = "Pods/Target Support Files/Pods-ZJMKitProject/Pods-ZJMKitProject.release.xcconfig"; sourceTree = "<group>"; };
/* End PBXFileReference section */

/* Begin PBXFrameworksBuildPhase section */
		25B880891F5EDBF400D393A0 /* Frameworks */ = {
			isa = PBXFrameworksBuildPhase;
			buildActionMask = 2147483647;
			files = (
				18B76D63D41C7CE707CC74D5 /* libPods-ZJMKitProject.a in Frameworks */,
			);
			runOnlyForDeploymentPostprocessing = 0;
		};
		25B880A21F5EDBF400D393A0 /* Frameworks */ = {
			isa = PBXFrameworksBuildPhase;
			buildActionMask = 2147483647;
			files = (
			);
			runOnlyForDeploymentPostprocessing = 0;
		};
		25B880AD1F5EDBF400D393A0 /* Frameworks */ = {
			isa = PBXFrameworksBuildPhase;
			buildActionMask = 2147483647;
			files = (
			);
			runOnlyForDeploymentPostprocessing = 0;
		};
/* End PBXFrameworksBuildPhase section */

/* Begin PBXGroup section */
		202D2491FFC73580E018B4B3 /* Frameworks */ = {
			isa = PBXGroup;
			children = (
				18C186ACB67459B15F4BF6DB /* libPods-ZJMKitProject.a */,
			);
			name = Frameworks;
			sourceTree = "<group>";
		};
		25B880831F5EDBF400D393A0 = {
			isa = PBXGroup;
			children = (
				25B8808E1F5EDBF400D393A0 /* ZJMKitProject */,
				25B880A81F5EDBF400D393A0 /* ZJMKitProjectTests */,
				25B880B31F5EDBF400D393A0 /* ZJMKitProjectUITests */,
				25B8808D1F5EDBF400D393A0 /* Products */,
				D0A33CEDD0601706822665BC /* Pods */,
				202D2491FFC73580E018B4B3 /* Frameworks */,
			);
			sourceTree = "<group>";
		};
		25B8808D1F5EDBF400D393A0 /* Products */ = {
			isa = PBXGroup;
			children = (
				25B8808C1F5EDBF400D393A0 /* ZJMKitProject.app */,
				25B880A51F5EDBF400D393A0 /* ZJMKitProjectTests.xctest */,
				25B880B01F5EDBF400D393A0 /* ZJMKitProjectUITests.xctest */,
			);
			name = Products;
			sourceTree = "<group>";
		};
		25B8808E1F5EDBF400D393A0 /* ZJMKitProject */ = {
			isa = PBXGroup;
			children = (
				25B880921F5EDBF400D393A0 /* AppDelegate.h */,
				25B880931F5EDBF400D393A0 /* AppDelegate.m */,
				25B880951F5EDBF400D393A0 /* ViewController.h */,
				25B880961F5EDBF400D393A0 /* ViewController.m */,
				25B880981F5EDBF400D393A0 /* Main.storyboard */,
				25B8809B1F5EDBF400D393A0 /* Assets.xcassets */,
				25B8809D1F5EDBF400D393A0 /* LaunchScreen.storyboard */,
				25B880A01F5EDBF400D393A0 /* Info.plist */,
				25B8808F1F5EDBF400D393A0 /* Supporting Files */,
			);
			path = ZJMKitProject;
			sourceTree = "<group>";
		};
		25B8808F1F5EDBF400D393A0 /* Supporting Files */ = {
			isa = PBXGroup;
			children = (
				25B880901F5EDBF400D393A0 /* main.m */,
			);
			name = "Supporting Files";
			sourceTree = "<group>";
		};
		25B880A81F5EDBF400D393A0 /* ZJMKitProjectTests */ = {
			isa = PBXGroup;
			children = (
				25B880A91F5EDBF400D393A0 /* ZJMKitProjectTests.m */,
				25B880AB1F5EDBF400D393A0 /* Info.plist */,
			);
			path = ZJMKitProjectTests;
			sourceTree = "<group>";
		};
		25B880B31F5EDBF400D393A0 /* ZJMKitProjectUITests */ = {
			isa = PBXGroup;
			children = (
				25B880B41F5EDBF400D393A0 /* ZJMKitProjectUITests.m */,
				25B880B61F5EDBF400D393A0 /* Info.plist */,
			);
			path = ZJMKitProjectUITests;
			sourceTree = "<group>";
		};
		D0A33CEDD0601706822665BC /* Pods */ = {
			isa = PBXGroup;
			children = (
				6478928509232D52F8A43F51 /* Pods-ZJMKitProject.debug.xcconfig */,
				EBEB648EFC106393C5566173 /* Pods-ZJMKitProject.release.xcconfig */,
			);
			name = Pods;
			sourceTree = "<group>";
		};
/* End PBXGroup section */

/* Begin PBXNativeTarget section */
		25B8808B1F5EDBF400D393A0 /* ZJMKitProject */ = {
			isa = PBXNativeTarget;
			buildConfigurationList = 25B880B91F5EDBF400D393A0 /* Build configuration list for PBXNativeTarget "ZJMKitProject" */;
			buildPhases = (
				44E8933C718E9D757199D2C4 /* [CP] Check Pods Manifest.lock */,
				25B880881F5EDBF400D393A0 /* Sources */,
				25B880891F5EDBF400D393A0 /* Frameworks */,
				25B8808A1F5EDBF400D393A0 /* Resources */,
			);
			buildRules = (
			);
			dependencies = (
			);
			name = ZJMKitProject;
			productName = ZJMKitProject;
			productReference = 25B8808C1F5EDBF400D393A0 /* ZJMKitProject.app */;
			productType = "com.apple.product-type.application";
		};
		25B880A41F5EDBF400D393A0 /* ZJMKitProjectTests */ = {
			isa = PBXNativeTarget;
			buildConfigurationList = 25B880BC1F5EDBF400D393A0 /* Build configuration list for PBXNativeTarget "ZJMKitProjectTests" */;
			buildPhases = (
				25B880A11F5EDBF400D393A0 /* Sources */,
				25B880A21F5EDBF400D393A0 /* Frameworks */,
				25B880A31F5EDBF400D393A0 /* Resources */,
			);
			buildRules = (
			);
			dependencies = (
				25B880A71F5EDBF400D393A0 /* PBXTargetDependency */,
			);
			name = ZJMKitProjectTests;
			productName = ZJMKitProjectTests;
			productReference = 25B880A51F5EDBF400D393A0 /* ZJMKitProjectTests.xctest */;
			productType = "com.apple.product-type.bundle.unit-test";
		};
		25B880AF1F5EDBF400D393A0 /* ZJMKitProjectUITests */ = {
			isa = PBXNativeTarget;
			buildConfigurationList = 25B880BF1F5EDBF400D393A0 /* Build configuration list for PBXNativeTarget "ZJMKitProjectUITests" */;
			buildPhases = (
				25B880AC1F5EDBF400D393A0 /* Sources */,
				25B880AD1F5EDBF400D393A0 /* Frameworks */,
				25B880AE1F5EDBF400D393A0 /* Resources */,
			);
			buildRules = (
			);
			dependencies = (
				25B880B21F5EDBF400D393A0 /* PBXTargetDependency */,
			);
			name = ZJMKitProjectUITests;
			productName = ZJMKitProjectUITests;
			productReference = 25B880B01F5EDBF400D393A0 /* ZJMKitProjectUITests.xctest */;
			productType = "com.apple.product-type.bundle.ui-testing";
		};
/* End PBXNativeTarget section */

/* Begin PBXProject section */
		25B880841F5EDBF400D393A0 /* Project object */ = {
			isa = PBXProject;
			attributes = {
				LastUpgradeCheck = 0830;
				ORGANIZATIONNAME = "张建敏";
				TargetAttributes = {
					25B8808B1F5EDBF400D393A0 = {
						CreatedOnToolsVersion = 8.3.3;
						DevelopmentTeam = 2A7Z7E74EG;
						ProvisioningStyle = Automatic;
					};
					25B880A41F5EDBF400D393A0 = {
						CreatedOnToolsVersion = 8.3.3;
						ProvisioningStyle = Automatic;
						TestTargetID = 25B8808B1F5EDBF400D393A0;
					};
					25B880AF1F5EDBF400D393A0 = {
						CreatedOnToolsVersion = 8.3.3;
						ProvisioningStyle = Automatic;
						TestTargetID = 25B8808B1F5EDBF400D393A0;
					};
				};
			};
			buildConfigurationList = 25B880871F5EDBF400D393A0 /* Build configuration list for PBXProject "ZJMKitProject" */;
			compatibilityVersion = "Xcode 3.2";
			developmentRegion = English;
			hasScannedForEncodings = 0;
			knownRegions = (
				en,
				Base,
			);
			mainGroup = 25B880831F5EDBF400D393A0;
			productRefGroup = 25B8808D1F5EDBF400D393A0 /* Products */;
			projectDirPath = "";
			projectRoot = "";
			targets = (
				25B8808B1F5EDBF400D393A0 /* ZJMKitProject */,
				25B880A41F5EDBF400D393A0 /* ZJMKitProjectTests */,
				25B880AF1F5EDBF400D393A0 /* ZJMKitProjectUITests */,
			);
		};
/* End PBXProject section */

/* Begin PBXResourcesBuildPhase section */
		25B8808A1F5EDBF400D393A0 /* Resources */ = {
			isa = PBXResourcesBuildPhase;
			buildActionMask = 2147483647;
			files = (
				25B8809F1F5EDBF400D393A0 /* LaunchScreen.storyboard in Resources */,
				25B8809C1F5EDBF400D393A0 /* Assets.xcassets in Resources */,
				25B8809A1F5EDBF400D393A0 /* Main.storyboard in Resources */,
			);
			runOnlyForDeploymentPostprocessing = 0;
		};
		25B880A31F5EDBF400D393A0 /* Resources */ = {
			isa = PBXResourcesBuildPhase;
			buildActionMask = 2147483647;
			files = (
			);
			runOnlyForDeploymentPostprocessing = 0;
		};
		25B880AE1F5EDBF400D393A0 /* Resources */ = {
			isa = PBXResourcesBuildPhase;
			buildActionMask = 2147483647;
			files = (
			);
			runOnlyForDeploymentPostprocessing = 0;
		};
/* End PBXResourcesBuildPhase section */

/* Begin PBXShellScriptBuildPhase section */
		44E8933C718E9D757199D2C4 /* [CP] Check Pods Manifest.lock */ = {
			isa = PBXShellScriptBuildPhase;
			buildActionMask = 2147483647;
			files = (
			);
			inputPaths = (
				"${PODS_PODFILE_DIR_PATH}/Podfile.lock",
				"${PODS_ROOT}/Manifest.lock",
			);
			name = "[CP] Check Pods Manifest.lock";
			outputPaths = (
				"$(DERIVED_FILE_DIR)/Pods-ZJMKitProject-checkManifestLockResult.txt",
			);
			runOnlyForDeploymentPostprocessing = 0;
			shellPath = /bin/sh;
			shellScript = "diff \"${PODS_PODFILE_DIR_PATH}/Podfile.lock\" \"${PODS_ROOT}/Manifest.lock\" > /dev/null\nif [ $? != 0 ] ; then\n    # print error to STDERR\n    echo \"error: The sandbox is not in sync with the Podfile.lock. Run 'pod install' or update your CocoaPods installation.\" >&2\n    exit 1\nfi\n# This output is used by Xcode 'outputs' to avoid re-running this script phase.\necho \"SUCCESS\" > \"${SCRIPT_OUTPUT_FILE_0}\"\n";
			showEnvVarsInLog = 0;
		};
/* End PBXShellScriptBuildPhase section */

/* Begin PBXSourcesBuildPhase section */
		25B880881F5EDBF400D393A0 /* Sources */ = {
			isa = PBXSourcesBuildPhase;
			buildActionMask = 2147483647;
			files = (
				25B880971F5EDBF400D393A0 /* ViewController.m in Sources */,
				25B880941F5EDBF400D393A0 /* AppDelegate.m in Sources */,
				25B880911F5EDBF400D393A0 /* main.m in Sources */,
			);
			runOnlyForDeploymentPostprocessing = 0;
		};
		25B880A11F5EDBF400D393A0 /* Sources */ = {
			isa = PBXSourcesBuildPhase;
			buildActionMask = 2147483647;
			files = (
				25B880AA1F5EDBF400D393A0 /* ZJMKitProjectTests.m in Sources */,
			);
			runOnlyForDeploymentPostprocessing = 0;
		};
		25B880AC1F5EDBF400D393A0 /* Sources */ = {
			isa = PBXSourcesBuildPhase;
			buildActionMask = 2147483647;
			files = (
				25B880B51F5EDBF400D393A0 /* ZJMKitProjectUITests.m in Sources */,
			);
			runOnlyForDeploymentPostprocessing = 0;
		};
/* End PBXSourcesBuildPhase section */

/* Begin PBXTargetDependency section */
		25B880A71F5EDBF400D393A0 /* PBXTargetDependency */ = {
			isa = PBXTargetDependency;
			target = 25B8808B1F5EDBF400D393A0 /* ZJMKitProject */;
			targetProxy = 25B880A61F5EDBF400D393A0 /* PBXContainerItemProxy */;
		};
		25B880B21F5EDBF400D393A0 /* PBXTargetDependency */ = {
			isa = PBXTargetDependency;
			target = 25B8808B1F5EDBF400D393A0 /* ZJMKitProject */;
			targetProxy = 25B880B11F5EDBF400D393A0 /* PBXContainerItemProxy */;
		};
/* End PBXTargetDependency section */

/* Begin PBXVariantGroup section */
		25B880981F5EDBF400D393A0 /* Main.storyboard */ = {
			isa = PBXVariantGroup;
			children = (
				25B880991F5EDBF400D393A0 /* Base */,
			);
			name = Main.storyboard;
			sourceTree = "<group>";
		};
		25B8809D1F5EDBF400D393A0 /* LaunchScreen.storyboard */ = {
			isa = PBXVariantGroup;
			children = (
				25B8809E1F5EDBF400D393A0 /* Base */,
			);
			name = LaunchScreen.storyboard;
			sourceTree = "<group>";
		};
/* End PBXVariantGroup section */

/* Begin XCBuildConfiguration section */
		25B880B71F5EDBF400D393A0 /* Debug */ = {
			isa = XCBuildConfiguration;
			buildSettings = {
				ALWAYS_SEARCH_USER_PATHS = NO;
				CLANG_ANALYZER_NONNULL = YES;
				CLANG_ANALYZER_NUMBER_OBJECT_CONVERSION = YES_AGGRESSIVE;
				CLANG_CXX_LANGUAGE_STANDARD = "gnu++0x";
				CLANG_CXX_LIBRARY = "libc++";
				CLANG_ENABLE_MODULES = YES;
				CLANG_ENABLE_OBJC_ARC = YES;
				CLANG_WARN_BOOL_CONVERSION = YES;
				CLANG_WARN_CONSTANT_CONVERSION = YES;
				CLANG_WARN_DIRECT_OBJC_ISA_USAGE = YES_ERROR;
				CLANG_WARN_DOCUMENTATION_COMMENTS = YES;
				CLANG_WARN_EMPTY_BODY = YES;
				CLANG_WARN_ENUM_CONVERSION = YES;
				CLANG_WARN_INFINITE_RECURSION = YES;
				CLANG_WARN_INT_CONVERSION = YES;
				CLANG_WARN_OBJC_ROOT_CLASS = YES_ERROR;
				CLANG_WARN_SUSPICIOUS_MOVE = YES;
				CLANG_WARN_UNREACHABLE_CODE = YES;
				CLANG_WARN__DUPLICATE_METHOD_MATCH = YES;
				"CODE_SIGN_IDENTITY[sdk=iphoneos*]" = "iPhone Developer";
				COPY_PHASE_STRIP = NO;
				DEBUG_INFORMATION_FORMAT = dwarf;
				ENABLE_STRICT_OBJC_MSGSEND = YES;
				ENABLE_TESTABILITY = YES;
				GCC_C_LANGUAGE_STANDARD = gnu99;
				GCC_DYNAMIC_NO_PIC = NO;
				GCC_NO_COMMON_BLOCKS = YES;
				GCC_OPTIMIZATION_LEVEL = 0;
				GCC_PREPROCESSOR_DEFINITIONS = (
					"DEBUG=1",
					"$(inherited)",
				);
				GCC_WARN_64_TO_32_BIT_CONVERSION = YES;
				GCC_WARN_ABOUT_RETURN_TYPE = YES_ERROR;
				GCC_WARN_UNDECLARED_SELECTOR = YES;
				GCC_WARN_UNINITIALIZED_AUTOS = YES_AGGRESSIVE;
				GCC_WARN_UNUSED_FUNCTION = YES;
				GCC_WARN_UNUSED_VARIABLE = YES;
				IPHONEOS_DEPLOYMENT_TARGET = 10.3;
				MTL_ENABLE_DEBUG_INFO = YES;
				ONLY_ACTIVE_ARCH = YES;
				SDKROOT = iphoneos;
			};
			name = Debug;
		};
		25B880B81F5EDBF400D393A0 /* Release */ = {
			isa = XCBuildConfiguration;
			buildSettings = {
				ALWAYS_SEARCH_USER_PATHS = NO;
				CLANG_ANALYZER_NONNULL = YES;
				CLANG_ANALYZER_NUMBER_OBJECT_CONVERSION = YES_AGGRESSIVE;
				CLANG_CXX_LANGUAGE_STANDARD = "gnu++0x";
				CLANG_CXX_LIBRARY = "libc++";
				CLANG_ENABLE_MODULES = YES;
				CLANG_ENABLE_OBJC_ARC = YES;
				CLANG_WARN_BOOL_CONVERSION = YES;
				CLANG_WARN_CONSTANT_CONVERSION = YES;
				CLANG_WARN_DIRECT_OBJC_ISA_USAGE = YES_ERROR;
				CLANG_WARN_DOCUMENTATION_COMMENTS = YES;
				CLANG_WARN_EMPTY_BODY = YES;
				CLANG_WARN_ENUM_CONVERSION = YES;
				CLANG_WARN_INFINITE_RECURSION = YES;
				CLANG_WARN_INT_CONVERSION = YES;
				CLANG_WARN_OBJC_ROOT_CLASS = YES_ERROR;
				CLANG_WARN_SUSPICIOUS_MOVE = YES;
				CLANG_WARN_UNREACHABLE_CODE = YES;
				CLANG_WARN__DUPLICATE_METHOD_MATCH = YES;
				"CODE_SIGN_IDENTITY[sdk=iphoneos*]" = "iPhone Developer";
				COPY_PHASE_STRIP = NO;
				DEBUG_INFORMATION_FORMAT = "dwarf-with-dsym";
				ENABLE_NS_ASSERTIONS = NO;
				ENABLE_STRICT_OBJC_MSGSEND = YES;
				GCC_C_LANGUAGE_STANDARD = gnu99;
				GCC_NO_COMMON_BLOCKS = YES;
				GCC_WARN_64_TO_32_BIT_CONVERSION = YES;
				GCC_WARN_ABOUT_RETURN_TYPE = YES_ERROR;
				GCC_WARN_UNDECLARED_SELECTOR = YES;
				GCC_WARN_UNINITIALIZED_AUTOS = YES_AGGRESSIVE;
				GCC_WARN_UNUSED_FUNCTION = YES;
				GCC_WARN_UNUSED_VARIABLE = YES;
				IPHONEOS_DEPLOYMENT_TARGET = 10.3;
				MTL_ENABLE_DEBUG_INFO = NO;
				SDKROOT = iphoneos;
				VALIDATE_PRODUCT = YES;
			};
			name = Release;
		};
		25B880BA1F5EDBF400D393A0 /* Debug */ = {
			isa = XCBuildConfiguration;
			baseConfigurationReference = 6478928509232D52F8A43F51 /* Pods-ZJMKitProject.debug.xcconfig */;
			buildSettings = {
				ASSETCATALOG_COMPILER_APPICON_NAME = AppIcon;
				CODE_SIGN_IDENTITY = "iPhone Developer";
				CODE_SIGN_STYLE = Automatic;
				DEVELOPMENT_TEAM = 2A7Z7E74EG;
				INFOPLIST_FILE = ZJMKitProject/Info.plist;
				LD_RUNPATH_SEARCH_PATHS = "$(inherited) @executable_path/Frameworks";
				PRODUCT_BUNDLE_IDENTIFIER = zhangjianmin.ZJMKitProject;
				PRODUCT_NAME = "$(TARGET_NAME)";
				PROVISIONING_PROFILE_SPECIFIER = "";
			};
			name = Debug;
		};
		25B880BB1F5EDBF400D393A0 /* Release */ = {
			isa = XCBuildConfiguration;
			baseConfigurationReference = EBEB648EFC106393C5566173 /* Pods-ZJMKitProject.release.xcconfig */;
			buildSettings = {
				ASSETCATALOG_COMPILER_APPICON_NAME = AppIcon;
				CODE_SIGN_IDENTITY = "iPhone Developer";
				CODE_SIGN_STYLE = Automatic;
				DEVELOPMENT_TEAM = 2A7Z7E74EG;
				INFOPLIST_FILE = ZJMKitProject/Info.plist;
				LD_RUNPATH_SEARCH_PATHS = "$(inherited) @executable_path/Frameworks";
				PRODUCT_BUNDLE_IDENTIFIER = zhangjianmin.ZJMKitProject;
				PRODUCT_NAME = "$(TARGET_NAME)";
				PROVISIONING_PROFILE_SPECIFIER = "";
			};
			name = Release;
		};
		25B880BD1F5EDBF400D393A0 /* Debug */ = {
			isa = XCBuildConfiguration;
			buildSettings = {
				BUNDLE_LOADER = "$(TEST_HOST)";
				INFOPLIST_FILE = ZJMKitProjectTests/Info.plist;
				LD_RUNPATH_SEARCH_PATHS = "$(inherited) @executable_path/Frameworks @loader_path/Frameworks";
				PRODUCT_BUNDLE_IDENTIFIER = zhangjianmin.ZJMKitProjectTests;
				PRODUCT_NAME = "$(TARGET_NAME)";
				TEST_HOST = "$(BUILT_PRODUCTS_DIR)/ZJMKitProject.app/ZJMKitProject";
			};
			name = Debug;
		};
		25B880BE1F5EDBF400D393A0 /* Release */ = {
			isa = XCBuildConfiguration;
			buildSettings = {
				BUNDLE_LOADER = "$(TEST_HOST)";
				INFOPLIST_FILE = ZJMKitProjectTests/Info.plist;
				LD_RUNPATH_SEARCH_PATHS = "$(inherited) @executable_path/Frameworks @loader_path/Frameworks";
				PRODUCT_BUNDLE_IDENTIFIER = zhangjianmin.ZJMKitProjectTests;
				PRODUCT_NAME = "$(TARGET_NAME)";
				TEST_HOST = "$(BUILT_PRODUCTS_DIR)/ZJMKitProject.app/ZJMKitProject";
			};
			name = Release;
		};
		25B880C01F5EDBF400D393A0 /* Debug */ = {
			isa = XCBuildConfiguration;
			buildSettings = {
				INFOPLIST_FILE = ZJMKitProjectUITests/Info.plist;
				LD_RUNPATH_SEARCH_PATHS = "$(inherited) @executable_path/Frameworks @loader_path/Frameworks";
				PRODUCT_BUNDLE_IDENTIFIER = zhangjianmin.ZJMKitProjectUITests;
				PRODUCT_NAME = "$(TARGET_NAME)";
				TEST_TARGET_NAME = ZJMKitProject;
			};
			name = Debug;
		};
		25B880C11F5EDBF400D393A0 /* Release */ = {
			isa = XCBuildConfiguration;
			buildSettings = {
				INFOPLIST_FILE = ZJMKitProjectUITests/Info.plist;
				LD_RUNPATH_SEARCH_PATHS = "$(inherited) @executable_path/Frameworks @loader_path/Frameworks";
				PRODUCT_BUNDLE_IDENTIFIER = zhangjianmin.ZJMKitProjectUITests;
				PRODUCT_NAME = "$(TARGET_NAME)";
				TEST_TARGET_NAME = ZJMKitProject;
			};
			name = Release;
		};
/* End XCBuildConfiguration section */

/* Begin XCConfigurationList section */
		25B880871F5EDBF400D393A0 /* Build configuration list for PBXProject "ZJMKitProject" */ = {
			isa = XCConfigurationList;
			buildConfigurations = (
				25B880B71F5EDBF400D393A0 /* Debug */,
				25B880B81F5EDBF400D393A0 /* Release */,
			);
			defaultConfigurationIsVisible = 0;
			defaultConfigurationName = Release;
		};
		25B880B91F5EDBF400D393A0 /* Build configuration list for PBXNativeTarget "ZJMKitProject" */ = {
			isa = XCConfigurationList;
			buildConfigurations = (
				25B880BA1F5EDBF400D393A0 /* Debug */,
				25B880BB1F5EDBF400D393A0 /* Release */,
			);
			defaultConfigurationIsVisible = 0;
			defaultConfigurationName = Release;
		};
		25B880BC1F5EDBF400D393A0 /* Build configuration list for PBXNativeTarget "ZJMKitProjectTests" */ = {
			isa = XCConfigurationList;
			buildConfigurations = (
				25B880BD1F5EDBF400D393A0 /* Debug */,
				25B880BE1F5EDBF400D393A0 /* Release */,
			);
			defaultConfigurationIsVisible = 0;
			defaultConfigurationName = Release;
		};
		25B880BF1F5EDBF400D393A0 /* Build configuration list for PBXNativeTarget "ZJMKitProjectUITests" */ = {
			isa = XCConfigurationList;
			buildConfigurations = (
				25B880C01F5EDBF400D393A0 /* Debug */,
				25B880C11F5EDBF400D393A0 /* Release */,
			);
			defaultConfigurationIsVisible = 0;
			defaultConfigurationName = Release;
		};
/* End XCConfigurationList section */
	};
	rootObject = 25B880841F5EDBF400D393A0 /* Project object */;
}
